
Microsoft Visual Studio Solution File, Format Version 12.00
# Visual Studio Version 17
VisualStudioVersion = 17.5.002.0
MinimumVisualStudioVersion = 10.0.40219.1
Project("{9A19103F-16F7-4668-BE54-9A1E7A4F7556}") = "concatenacao", "concatenacao\concatenacao.csproj", "{514171DB-5B74-4B37-B7B8-C87FBC713B65}"
EndProject
Project("{9A19103F-16F7-4668-BE54-9A1E7A4F7556}") = "EstruturasCondicionais", "estruturasCondicionais\EstruturasCondicionais.csproj", "{417DB544-B19E-4EB3-91E8-309F8907D596}"
EndProject
Project("{9A19103F-16F7-4668-BE54-9A1E7A4F7556}") = "operadores", "operadores\operadores.csproj", "{55B4048D-2AA1-4E22-89BB-C40ED3D0C644}"
EndProject
Project("{9A19103F-16F7-4668-BE54-9A1E7A4F7556}") = "variaveis", "variaveis\variaveis.csproj", "{6AE7A36C-31BE-46D8-B140-05C3AE06143D}"
EndProject
Global
	GlobalSection(SolutionConfigurationPlatforms) = preSolution
		Debug|Any CPU = Debug|Any CPU
		Release|Any CPU = Release|Any CPU
	EndGlobalSection
	GlobalSection(ProjectConfigurationPlatforms) = postSolution
		{514171DB-5B74-4B37-B7B8-C87FBC713B65}.Debug|Any CPU.ActiveCfg = Debug|Any CPU
		{514171DB-5B74-4B37-B7B8-C87FBC713B65}.Debug|Any CPU.Build.0 = Debug|Any CPU
		{514171DB-5B74-4B37-B7B8-C87FBC713B65}.Release|Any CPU.ActiveCfg = Release|Any CPU
		{514171DB-5B74-4B37-B7B8-C87FBC713B65}.Release|Any CPU.Build.0 = Release|Any CPU
		{417DB544-B19E-4EB3-91E8-309F8907D596}.Debug|Any CPU.ActiveCfg = Debug|Any CPU
		{417DB544-B19E-4EB3-91E8-309F8907D596}.Debug|Any CPU.Build.0 = Debug|Any CPU
		{417DB544-B19E-4EB3-91E8-309F8907D596}.Release|Any CPU.ActiveCfg = Release|Any CPU
		{417DB544-B19E-4EB3-91E8-309F8907D596}.Release|Any CPU.Build.0 = Release|Any CPU
		{55B4048D-2AA1-4E22-89BB-C40ED3D0C644}.Debug|Any CPU.ActiveCfg = Debug|Any CPU
		{55B4048D-2AA1-4E22-89BB-C40ED3D0C644}.Debug|Any CPU.Build.0 = Debug|Any CPU
		{55B4048D-2AA1-4E22-89BB-C40ED3D0C644}.Release|Any CPU.ActiveCfg = Release|Any CPU
		{55B4048D-2AA1-4E22-89BB-C40ED3D0C644}.Release|Any CPU.Build.0 = Release|Any CPU
		{6AE7A36C-31BE-46D8-B140-05C3AE06143D}.Debug|Any CPU.ActiveCfg = Debug|Any CPU
		{6AE7A36C-31BE-46D8-B140-05C3AE06143D}.Debug|Any CPU.Build.0 = Debug|Any CPU
		{6AE7A36C-31BE-46D8-B140-05C3AE06143D}.Release|Any CPU.ActiveCfg = Release|Any CPU
		{6AE7A36C-31BE-46D8-B140-05C3AE06143D}.Release|Any CPU.Build.0 = Release|Any CPU
	EndGlobalSection
	GlobalSection(SolutionProperties) = preSolution
		HideSolutionNode = FALSE
	EndGlobalSection
	GlobalSection(ExtensibilityGlobals) = postSolution
		SolutionGuid = {6C096756-6C3F-40DF-BACC-3BEC90B4461A}
	EndGlobalSection
EndGlobal
